
Microsoft Visual Studio Solution File, Format Version 12.00
# Visual Studio Version 17
VisualStudioVersion = 17.4.33122.133
MinimumVisualStudioVersion = 10.0.40219.1
Project("{FAE04EC0-301F-11D3-BF4B-00C04F79EFBC}") = "WpfApp9", "WpfApp9\WpfApp9.csproj", "{6A6F422B-22FB-4440-BF55-128B0D9952B7}"
EndProject
Global
	GlobalSection(SolutionConfigurationPlatforms) = preSolution
		Debug|Any CPU = Debug|Any CPU
		Release|Any CPU = Release|Any CPU
	EndGlobalSection
	GlobalSection(ProjectConfigurationPlatforms) = postSolution
		{6A6F422B-22FB-4440-BF55-128B0D9952B7}.Debug|Any CPU.ActiveCfg = Debug|Any CPU
		{6A6F422B-22FB-4440-BF55-128B0D9952B7}.Debug|Any CPU.Build.0 = Debug|Any CPU
		{6A6F422B-22FB-4440-BF55-128B0D9952B7}.Release|Any CPU.ActiveCfg = Release|Any CPU
		{6A6F422B-22FB-4440-BF55-128B0D9952B7}.Release|Any CPU.Build.0 = Release|Any CPU
	EndGlobalSection
	GlobalSection(SolutionProperties) = preSolution
		HideSolutionNode = FALSE
	EndGlobalSection
	GlobalSection(ExtensibilityGlobals) = postSolution
		SolutionGuid = {F9E147D7-A8BC-4539-864D-B16A1D090F15}
	EndGlobalSection
EndGlobal
